
Microsoft Visual Studio Solution File, Format Version 12.00
# Visual Studio Version 16
VisualStudioVersion = 16.0.30523.141
MinimumVisualStudioVersion = 10.0.40219.1
Project("{8BC9CEB8-8B4A-11D0-8D11-00A0C91BC942}") = "Large files", "Large files\Large files.vcxproj", "{970A3BE0-69B6-4882-A81C-189BF77D51C5}"
EndProject
Project("{8BC9CEB8-8B4A-11D0-8D11-00A0C91BC942}") = "Symbolic links", "Symbolic links\Symbolic links.vcxproj", "{332F6B0C-C93B-4A69-9354-E22867FAE3D7}"
EndProject
Global
	GlobalSection(SolutionConfigurationPlatforms) = preSolution
		Debug|x64 = Debug|x64
		Debug|x86 = Debug|x86
		Release|x64 = Release|x64
		Release|x86 = Release|x86
	EndGlobalSection
	GlobalSection(ProjectConfigurationPlatforms) = postSolution
		{970A3BE0-69B6-4882-A81C-189BF77D51C5}.Debug|x64.ActiveCfg = Debug|x64
		{970A3BE0-69B6-4882-A81C-189BF77D51C5}.Debug|x64.Build.0 = Debug|x64
		{970A3BE0-69B6-4882-A81C-189BF77D51C5}.Debug|x86.ActiveCfg = Debug|Win32
		{970A3BE0-69B6-4882-A81C-189BF77D51C5}.Debug|x86.Build.0 = Debug|Win32
		{970A3BE0-69B6-4882-A81C-189BF77D51C5}.Release|x64.ActiveCfg = Release|x64
		{970A3BE0-69B6-4882-A81C-189BF77D51C5}.Release|x64.Build.0 = Release|x64
		{970A3BE0-69B6-4882-A81C-189BF77D51C5}.Release|x86.ActiveCfg = Release|Win32
		{970A3BE0-69B6-4882-A81C-189BF77D51C5}.Release|x86.Build.0 = Release|Win32
		{332F6B0C-C93B-4A69-9354-E22867FAE3D7}.Debug|x64.ActiveCfg = Debug|x64
		{332F6B0C-C93B-4A69-9354-E22867FAE3D7}.Debug|x64.Build.0 = Debug|x64
		{332F6B0C-C93B-4A69-9354-E22867FAE3D7}.Debug|x86.ActiveCfg = Debug|Win32
		{332F6B0C-C93B-4A69-9354-E22867FAE3D7}.Debug|x86.Build.0 = Debug|Win32
		{332F6B0C-C93B-4A69-9354-E22867FAE3D7}.Release|x64.ActiveCfg = Release|x64
		{332F6B0C-C93B-4A69-9354-E22867FAE3D7}.Release|x64.Build.0 = Release|x64
		{332F6B0C-C93B-4A69-9354-E22867FAE3D7}.Release|x86.ActiveCfg = Release|Win32
		{332F6B0C-C93B-4A69-9354-E22867FAE3D7}.Release|x86.Build.0 = Release|Win32
	EndGlobalSection
	GlobalSection(SolutionProperties) = preSolution
		HideSolutionNode = FALSE
	EndGlobalSection
	GlobalSection(ExtensibilityGlobals) = postSolution
		SolutionGuid = {C41B86C4-DE6C-41FA-9C2B-DB9C7CD27D13}
	EndGlobalSection
EndGlobal
