
Microsoft Visual Studio Solution File, Format Version 12.00
# Visual Studio Version 16
VisualStudioVersion = 16.0.32002.261
MinimumVisualStudioVersion = 10.0.40219.1
Project("{8BC9CEB8-8B4A-11D0-8D11-00A0C91BC942}") = "Sleep", "Sleep\Sleep.vcxproj", "{BA572BF3-7B3A-4CF3-848A-6084BD17EC7A}"
EndProject
Project("{8BC9CEB8-8B4A-11D0-8D11-00A0C91BC942}") = "pingpong", "pingpong\pingpong.vcxproj", "{CB70FEF1-C9EE-40B6-8425-84EA7157559F}"
EndProject
Project("{8BC9CEB8-8B4A-11D0-8D11-00A0C91BC942}") = "primes", "primes\primes.vcxproj", "{63125A4C-B14E-436D-B98D-7C4DCD544264}"
EndProject
Project("{8BC9CEB8-8B4A-11D0-8D11-00A0C91BC942}") = "find", "find\find.vcxproj", "{57AD18B4-14EE-45CF-9087-E020F3206D9F}"
EndProject
Project("{8BC9CEB8-8B4A-11D0-8D11-00A0C91BC942}") = "xargs", "xargs\xargs.vcxproj", "{C3C527CA-ACC0-4AB7-8A60-FEF8F3901EBE}"
EndProject
Global
	GlobalSection(SolutionConfigurationPlatforms) = preSolution
		Debug|x64 = Debug|x64
		Debug|x86 = Debug|x86
		Release|x64 = Release|x64
		Release|x86 = Release|x86
	EndGlobalSection
	GlobalSection(ProjectConfigurationPlatforms) = postSolution
		{BA572BF3-7B3A-4CF3-848A-6084BD17EC7A}.Debug|x64.ActiveCfg = Debug|x64
		{BA572BF3-7B3A-4CF3-848A-6084BD17EC7A}.Debug|x64.Build.0 = Debug|x64
		{BA572BF3-7B3A-4CF3-848A-6084BD17EC7A}.Debug|x86.ActiveCfg = Debug|Win32
		{BA572BF3-7B3A-4CF3-848A-6084BD17EC7A}.Debug|x86.Build.0 = Debug|Win32
		{BA572BF3-7B3A-4CF3-848A-6084BD17EC7A}.Release|x64.ActiveCfg = Release|x64
		{BA572BF3-7B3A-4CF3-848A-6084BD17EC7A}.Release|x64.Build.0 = Release|x64
		{BA572BF3-7B3A-4CF3-848A-6084BD17EC7A}.Release|x86.ActiveCfg = Release|Win32
		{BA572BF3-7B3A-4CF3-848A-6084BD17EC7A}.Release|x86.Build.0 = Release|Win32
		{CB70FEF1-C9EE-40B6-8425-84EA7157559F}.Debug|x64.ActiveCfg = Debug|x64
		{CB70FEF1-C9EE-40B6-8425-84EA7157559F}.Debug|x64.Build.0 = Debug|x64
		{CB70FEF1-C9EE-40B6-8425-84EA7157559F}.Debug|x86.ActiveCfg = Debug|Win32
		{CB70FEF1-C9EE-40B6-8425-84EA7157559F}.Debug|x86.Build.0 = Debug|Win32
		{CB70FEF1-C9EE-40B6-8425-84EA7157559F}.Release|x64.ActiveCfg = Release|x64
		{CB70FEF1-C9EE-40B6-8425-84EA7157559F}.Release|x64.Build.0 = Release|x64
		{CB70FEF1-C9EE-40B6-8425-84EA7157559F}.Release|x86.ActiveCfg = Release|Win32
		{CB70FEF1-C9EE-40B6-8425-84EA7157559F}.Release|x86.Build.0 = Release|Win32
		{63125A4C-B14E-436D-B98D-7C4DCD544264}.Debug|x64.ActiveCfg = Debug|x64
		{63125A4C-B14E-436D-B98D-7C4DCD544264}.Debug|x64.Build.0 = Debug|x64
		{63125A4C-B14E-436D-B98D-7C4DCD544264}.Debug|x86.ActiveCfg = Debug|Win32
		{63125A4C-B14E-436D-B98D-7C4DCD544264}.Debug|x86.Build.0 = Debug|Win32
		{63125A4C-B14E-436D-B98D-7C4DCD544264}.Release|x64.ActiveCfg = Release|x64
		{63125A4C-B14E-436D-B98D-7C4DCD544264}.Release|x64.Build.0 = Release|x64
		{63125A4C-B14E-436D-B98D-7C4DCD544264}.Release|x86.ActiveCfg = Release|Win32
		{63125A4C-B14E-436D-B98D-7C4DCD544264}.Release|x86.Build.0 = Release|Win32
		{57AD18B4-14EE-45CF-9087-E020F3206D9F}.Debug|x64.ActiveCfg = Debug|x64
		{57AD18B4-14EE-45CF-9087-E020F3206D9F}.Debug|x64.Build.0 = Debug|x64
		{57AD18B4-14EE-45CF-9087-E020F3206D9F}.Debug|x86.ActiveCfg = Debug|Win32
		{57AD18B4-14EE-45CF-9087-E020F3206D9F}.Debug|x86.Build.0 = Debug|Win32
		{57AD18B4-14EE-45CF-9087-E020F3206D9F}.Release|x64.ActiveCfg = Release|x64
		{57AD18B4-14EE-45CF-9087-E020F3206D9F}.Release|x64.Build.0 = Release|x64
		{57AD18B4-14EE-45CF-9087-E020F3206D9F}.Release|x86.ActiveCfg = Release|Win32
		{57AD18B4-14EE-45CF-9087-E020F3206D9F}.Release|x86.Build.0 = Release|Win32
		{C3C527CA-ACC0-4AB7-8A60-FEF8F3901EBE}.Debug|x64.ActiveCfg = Debug|x64
		{C3C527CA-ACC0-4AB7-8A60-FEF8F3901EBE}.Debug|x64.Build.0 = Debug|x64
		{C3C527CA-ACC0-4AB7-8A60-FEF8F3901EBE}.Debug|x86.ActiveCfg = Debug|Win32
		{C3C527CA-ACC0-4AB7-8A60-FEF8F3901EBE}.Debug|x86.Build.0 = Debug|Win32
		{C3C527CA-ACC0-4AB7-8A60-FEF8F3901EBE}.Release|x64.ActiveCfg = Release|x64
		{C3C527CA-ACC0-4AB7-8A60-FEF8F3901EBE}.Release|x64.Build.0 = Release|x64
		{C3C527CA-ACC0-4AB7-8A60-FEF8F3901EBE}.Release|x86.ActiveCfg = Release|Win32
		{C3C527CA-ACC0-4AB7-8A60-FEF8F3901EBE}.Release|x86.Build.0 = Release|Win32
	EndGlobalSection
	GlobalSection(SolutionProperties) = preSolution
		HideSolutionNode = FALSE
	EndGlobalSection
	GlobalSection(ExtensibilityGlobals) = postSolution
		SolutionGuid = {9BD01E91-78A9-42A8-A32E-06ACB2A1B047}
	EndGlobalSection
EndGlobal
